// !$*UTF8*$!
{
	archiveVersion = 1;
	classes = {
	};
	objectVersion = 77;
	objects = {

/* Begin PBXBuildFile section */
		9378404E2DA678D3001583D0 /* DateFormatters.swift in Sources */ = {isa = PBXBuildFile; fileRef = 9378404D2DA678CB001583D0 /* DateFormatters.swift */; };
		937840522DA68886001583D0 /* Model.swift in Sources */ = {isa = PBXBuildFile; fileRef = 937840512DA68882001583D0 /* Model.swift */; };
		937840562DA688BD001583D0 /* Fields.swift in Sources */ = {isa = PBXBuildFile; fileRef = 937840552DA688B6001583D0 /* Fields.swift */; };
		937840582DA69573001583D0 /* Storage.swift in Sources */ = {isa = PBXBuildFile; fileRef = 937840572DA69573001583D0 /* Storage.swift */; };
		9378405A2DA7E20D001583D0 /* PlansScreen.swift in Sources */ = {isa = PBXBuildFile; fileRef = 937840592DA7E20D001583D0 /* PlansScreen.swift */; };
		9378405C2DA7E2B1001583D0 /* PlanTypeView.swift in Sources */ = {isa = PBXBuildFile; fileRef = 9378405B2DA7E2AC001583D0 /* PlanTypeView.swift */; };
		9378407A2DAE5AE1001583D0 /* MethodsScreen.swift in Sources */ = {isa = PBXBuildFile; fileRef = 937840792DAE5AE1001583D0 /* MethodsScreen.swift */; };
		9378407C2DAE5F58001583D0 /* TaskRow.swift in Sources */ = {isa = PBXBuildFile; fileRef = 9378407B2DAE5F58001583D0 /* TaskRow.swift */; };
		93E330002DAE74B800F61881 /* InfoScreen.swift in Sources */ = {isa = PBXBuildFile; fileRef = 93E32FFF2DAE74B800F61881 /* InfoScreen.swift */; };
		93E498142DA5CE3B002F63CA /* PlanFlowApp.swift in Sources */ = {isa = PBXBuildFile; fileRef = 93E498122DA5CE3B002F63CA /* PlanFlowApp.swift */; };
		93E498152DA5CE3B002F63CA /* Preview Assets.xcassets in Resources */ = {isa = PBXBuildFile; fileRef = 93E4980F2DA5CE3B002F63CA /* Preview Assets.xcassets */; };
		93E498162DA5CE3B002F63CA /* Assets.xcassets in Resources */ = {isa = PBXBuildFile; fileRef = 93E498112DA5CE3B002F63CA /* Assets.xcassets */; };
		93E4981F2DA5CF64002F63CA /* CustomFonts.swift in Sources */ = {isa = PBXBuildFile; fileRef = 93E4981A2DA5CF64002F63CA /* CustomFonts.swift */; };
		93E498242DA5CF81002F63CA /* Mulish-Italic-VariableFont_wght.ttf in Resources */ = {isa = PBXBuildFile; fileRef = 93E498222DA5CF81002F63CA /* Mulish-Italic-VariableFont_wght.ttf */; };
		93E498252DA5CF81002F63CA /* Mulish-VariableFont_wght.ttf in Resources */ = {isa = PBXBuildFile; fileRef = 93E498232DA5CF81002F63CA /* Mulish-VariableFont_wght.ttf */; };
		93E4982C2DA5D1B8002F63CA /* MainFlowManager.swift in Sources */ = {isa = PBXBuildFile; fileRef = 93E4982B2DA5D1B2002F63CA /* MainFlowManager.swift */; };
		93E498302DA5D1CB002F63CA /* HomeScreen.swift in Sources */ = {isa = PBXBuildFile; fileRef = 93E4982F2DA5D1C9002F63CA /* HomeScreen.swift */; };
		93E498332DA5D275002F63CA /* MainActionButton.swift in Sources */ = {isa = PBXBuildFile; fileRef = 93E498322DA5D275002F63CA /* MainActionButton.swift */; };
		93E498352DA5DBF2002F63CA /* SettingsScreen.swift in Sources */ = {isa = PBXBuildFile; fileRef = 93E498342DA5DBF2002F63CA /* SettingsScreen.swift */; };
		93E498372DA5DC33002F63CA /* Title.swift in Sources */ = {isa = PBXBuildFile; fileRef = 93E498362DA5DC33002F63CA /* Title.swift */; };
		93E4983B2DA66394002F63CA /* TaskAddingScreen.swift in Sources */ = {isa = PBXBuildFile; fileRef = 93E4983A2DA66394002F63CA /* TaskAddingScreen.swift */; };
/* End PBXBuildFile section */

/* Begin PBXFileReference section */
		9378404D2DA678CB001583D0 /* DateFormatters.swift */ = {isa = PBXFileReference; lastKnownFileType = sourcecode.swift; path = DateFormatters.swift; sourceTree = "<group>"; };
		937840512DA68882001583D0 /* Model.swift */ = {isa = PBXFileReference; lastKnownFileType = sourcecode.swift; path = Model.swift; sourceTree = "<group>"; };
		937840552DA688B6001583D0 /* Fields.swift */ = {isa = PBXFileReference; lastKnownFileType = sourcecode.swift; path = Fields.swift; sourceTree = "<group>"; };
		937840572DA69573001583D0 /* Storage.swift */ = {isa = PBXFileReference; lastKnownFileType = sourcecode.swift; path = Storage.swift; sourceTree = "<group>"; };
		937840592DA7E20D001583D0 /* PlansScreen.swift */ = {isa = PBXFileReference; lastKnownFileType = sourcecode.swift; path = PlansScreen.swift; sourceTree = "<group>"; };
		9378405B2DA7E2AC001583D0 /* PlanTypeView.swift */ = {isa = PBXFileReference; lastKnownFileType = sourcecode.swift; path = PlanTypeView.swift; sourceTree = "<group>"; };
		937840792DAE5AE1001583D0 /* MethodsScreen.swift */ = {isa = PBXFileReference; lastKnownFileType = sourcecode.swift; path = MethodsScreen.swift; sourceTree = "<group>"; };
		9378407B2DAE5F58001583D0 /* TaskRow.swift */ = {isa = PBXFileReference; lastKnownFileType = sourcecode.swift; path = TaskRow.swift; sourceTree = "<group>"; };
		93E32FFF2DAE74B800F61881 /* InfoScreen.swift */ = {isa = PBXFileReference; lastKnownFileType = sourcecode.swift; path = InfoScreen.swift; sourceTree = "<group>"; };
		93E497FC2DA5CB56002F63CA /* PlanFlow.app */ = {isa = PBXFileReference; explicitFileType = wrapper.application; includeInIndex = 0; path = PlanFlow.app; sourceTree = BUILT_PRODUCTS_DIR; };
		93E4980F2DA5CE3B002F63CA /* Preview Assets.xcassets */ = {isa = PBXFileReference; lastKnownFileType = folder.assetcatalog; path = "Preview Assets.xcassets"; sourceTree = "<group>"; };
		93E498112DA5CE3B002F63CA /* Assets.xcassets */ = {isa = PBXFileReference; lastKnownFileType = folder.assetcatalog; path = Assets.xcassets; sourceTree = "<group>"; };
		93E498122DA5CE3B002F63CA /* PlanFlowApp.swift */ = {isa = PBXFileReference; lastKnownFileType = sourcecode.swift; path = PlanFlowApp.swift; sourceTree = "<group>"; };
		93E4981A2DA5CF64002F63CA /* CustomFonts.swift */ = {isa = PBXFileReference; lastKnownFileType = sourcecode.swift; path = CustomFonts.swift; sourceTree = "<group>"; };
		93E498222DA5CF81002F63CA /* Mulish-Italic-VariableFont_wght.ttf */ = {isa = PBXFileReference; lastKnownFileType = file; path = "Mulish-Italic-VariableFont_wght.ttf"; sourceTree = "<group>"; };
		93E498232DA5CF81002F63CA /* Mulish-VariableFont_wght.ttf */ = {isa = PBXFileReference; lastKnownFileType = file; path = "Mulish-VariableFont_wght.ttf"; sourceTree = "<group>"; };
		93E498262DA5CF97002F63CA /* Info.plist */ = {isa = PBXFileReference; lastKnownFileType = text.plist.xml; path = Info.plist; sourceTree = "<group>"; };
		93E4982B2DA5D1B2002F63CA /* MainFlowManager.swift */ = {isa = PBXFileReference; lastKnownFileType = sourcecode.swift; path = MainFlowManager.swift; sourceTree = "<group>"; };
		93E4982F2DA5D1C9002F63CA /* HomeScreen.swift */ = {isa = PBXFileReference; lastKnownFileType = sourcecode.swift; path = HomeScreen.swift; sourceTree = "<group>"; };
		93E498322DA5D275002F63CA /* MainActionButton.swift */ = {isa = PBXFileReference; lastKnownFileType = sourcecode.swift; path = MainActionButton.swift; sourceTree = "<group>"; };
		93E498342DA5DBF2002F63CA /* SettingsScreen.swift */ = {isa = PBXFileReference; lastKnownFileType = sourcecode.swift; path = SettingsScreen.swift; sourceTree = "<group>"; };
		93E498362DA5DC33002F63CA /* Title.swift */ = {isa = PBXFileReference; lastKnownFileType = sourcecode.swift; path = Title.swift; sourceTree = "<group>"; };
		93E4983A2DA66394002F63CA /* TaskAddingScreen.swift */ = {isa = PBXFileReference; lastKnownFileType = sourcecode.swift; path = TaskAddingScreen.swift; sourceTree = "<group>"; };
/* End PBXFileReference section */

/* Begin PBXFrameworksBuildPhase section */
		93E497F92DA5CB56002F63CA /* Frameworks */ = {
			isa = PBXFrameworksBuildPhase;
			buildActionMask = 2147483647;
			files = (
			);
			runOnlyForDeploymentPostprocessing = 0;
		};
/* End PBXFrameworksBuildPhase section */

/* Begin PBXGroup section */
		9378404C2DA678C2001583D0 /* Ext */ = {
			isa = PBXGroup;
			children = (
				9378404D2DA678CB001583D0 /* DateFormatters.swift */,
			);
			path = Ext;
			sourceTree = "<group>";
		};
		93E497F32DA5CB56002F63CA = {
			isa = PBXGroup;
			children = (
				93E498132DA5CE3B002F63CA /* PlanFlow */,
				93E497FD2DA5CB56002F63CA /* Products */,
			);
			sourceTree = "<group>";
		};
		93E497FD2DA5CB56002F63CA /* Products */ = {
			isa = PBXGroup;
			children = (
				93E497FC2DA5CB56002F63CA /* PlanFlow.app */,
			);
			name = Products;
			sourceTree = "<group>";
		};
		93E498102DA5CE3B002F63CA /* PreviewContent */ = {
			isa = PBXGroup;
			children = (
				93E4980F2DA5CE3B002F63CA /* Preview Assets.xcassets */,
			);
			path = PreviewContent;
			sourceTree = "<group>";
		};
		93E498132DA5CE3B002F63CA /* PlanFlow */ = {
			isa = PBXGroup;
			children = (
				93E498172DA5CE3E002F63CA /* App */,
				93E498192DA5CF1E002F63CA /* Config */,
				93E498182DA5CE42002F63CA /* Res */,
			);
			path = PlanFlow;
			sourceTree = "<group>";
		};
		93E498172DA5CE3E002F63CA /* App */ = {
			isa = PBXGroup;
			children = (
				93E498122DA5CE3B002F63CA /* PlanFlowApp.swift */,
				93E498292DA5D1A2002F63CA /* Model */,
				93E498282DA5D19B002F63CA /* UI */,
			);
			path = App;
			sourceTree = "<group>";
		};
		93E498182DA5CE42002F63CA /* Res */ = {
			isa = PBXGroup;
			children = (
				93E4981E2DA5CF64002F63CA /* Fonts */,
				93E498102DA5CE3B002F63CA /* PreviewContent */,
				93E498112DA5CE3B002F63CA /* Assets.xcassets */,
			);
			path = Res;
			sourceTree = "<group>";
		};
		93E498192DA5CF1E002F63CA /* Config */ = {
			isa = PBXGroup;
			children = (
				93E498262DA5CF97002F63CA /* Info.plist */,
			);
			path = Config;
			sourceTree = "<group>";
		};
		93E4981D2DA5CF64002F63CA /* Mulish */ = {
			isa = PBXGroup;
			children = (
				93E498222DA5CF81002F63CA /* Mulish-Italic-VariableFont_wght.ttf */,
				93E498232DA5CF81002F63CA /* Mulish-VariableFont_wght.ttf */,
			);
			path = Mulish;
			sourceTree = "<group>";
		};
		93E4981E2DA5CF64002F63CA /* Fonts */ = {
			isa = PBXGroup;
			children = (
				93E4981A2DA5CF64002F63CA /* CustomFonts.swift */,
				93E4981D2DA5CF64002F63CA /* Mulish */,
			);
			path = Fonts;
			sourceTree = "<group>";
		};
		93E498282DA5D19B002F63CA /* UI */ = {
			isa = PBXGroup;
			children = (
				93E4982A2DA5D1A7002F63CA /* MainFlow */,
			);
			path = UI;
			sourceTree = "<group>";
		};
		93E498292DA5D1A2002F63CA /* Model */ = {
			isa = PBXGroup;
			children = (
				937840512DA68882001583D0 /* Model.swift */,
				937840572DA69573001583D0 /* Storage.swift */,
			);
			path = Model;
			sourceTree = "<group>";
		};
		93E4982A2DA5D1A7002F63CA /* MainFlow */ = {
			isa = PBXGroup;
			children = (
				93E4982B2DA5D1B2002F63CA /* MainFlowManager.swift */,
				9378404C2DA678C2001583D0 /* Ext */,
				93E498312DA5D264002F63CA /* Views */,
				93E4982D2DA5D1BA002F63CA /* Screens */,
			);
			path = MainFlow;
			sourceTree = "<group>";
		};
		93E4982D2DA5D1BA002F63CA /* Screens */ = {
			isa = PBXGroup;
			children = (
				93E4982F2DA5D1C9002F63CA /* HomeScreen.swift */,
				93E4983A2DA66394002F63CA /* TaskAddingScreen.swift */,
				937840592DA7E20D001583D0 /* PlansScreen.swift */,
				937840792DAE5AE1001583D0 /* MethodsScreen.swift */,
				93E32FFF2DAE74B800F61881 /* InfoScreen.swift */,
				93E498342DA5DBF2002F63CA /* SettingsScreen.swift */,
			);
			path = Screens;
			sourceTree = "<group>";
		};
		93E498312DA5D264002F63CA /* Views */ = {
			isa = PBXGroup;
			children = (
				9378407B2DAE5F58001583D0 /* TaskRow.swift */,
				9378405B2DA7E2AC001583D0 /* PlanTypeView.swift */,
				937840552DA688B6001583D0 /* Fields.swift */,
				93E498362DA5DC33002F63CA /* Title.swift */,
				93E498322DA5D275002F63CA /* MainActionButton.swift */,
			);
			path = Views;
			sourceTree = "<group>";
		};
/* End PBXGroup section */

/* Begin PBXNativeTarget section */
		93E497FB2DA5CB56002F63CA /* PlanFlow */ = {
			isa = PBXNativeTarget;
			buildConfigurationList = 93E4980C2DA5CB58002F63CA /* Build configuration list for PBXNativeTarget "PlanFlow" */;
			buildPhases = (
				93E497F82DA5CB56002F63CA /* Sources */,
				93E497F92DA5CB56002F63CA /* Frameworks */,
				93E497FA2DA5CB56002F63CA /* Resources */,
			);
			buildRules = (
			);
			dependencies = (
			);
			name = PlanFlow;
			packageProductDependencies = (
			);
			productName = PlanFlow;
			productReference = 93E497FC2DA5CB56002F63CA /* PlanFlow.app */;
			productType = "com.apple.product-type.application";
		};
/* End PBXNativeTarget section */

/* Begin PBXProject section */
		93E497F42DA5CB56002F63CA /* Project object */ = {
			isa = PBXProject;
			attributes = {
				BuildIndependentTargetsInParallel = 1;
				LastSwiftUpdateCheck = 1600;
				LastUpgradeCheck = 1600;
				TargetAttributes = {
					93E497FB2DA5CB56002F63CA = {
						CreatedOnToolsVersion = 16.0;
					};
				};
			};
			buildConfigurationList = 93E497F72DA5CB56002F63CA /* Build configuration list for PBXProject "PlanFlow" */;
			developmentRegion = en;
			hasScannedForEncodings = 0;
			knownRegions = (
				en,
				Base,
			);
			mainGroup = 93E497F32DA5CB56002F63CA;
			minimizedProjectReferenceProxies = 1;
			preferredProjectObjectVersion = 77;
			productRefGroup = 93E497FD2DA5CB56002F63CA /* Products */;
			projectDirPath = "";
			projectRoot = "";
			targets = (
				93E497FB2DA5CB56002F63CA /* PlanFlow */,
			);
		};
/* End PBXProject section */

/* Begin PBXResourcesBuildPhase section */
		93E497FA2DA5CB56002F63CA /* Resources */ = {
			isa = PBXResourcesBuildPhase;
			buildActionMask = 2147483647;
			files = (
				93E498242DA5CF81002F63CA /* Mulish-Italic-VariableFont_wght.ttf in Resources */,
				93E498252DA5CF81002F63CA /* Mulish-VariableFont_wght.ttf in Resources */,
				93E498152DA5CE3B002F63CA /* Preview Assets.xcassets in Resources */,
				93E498162DA5CE3B002F63CA /* Assets.xcassets in Resources */,
			);
			runOnlyForDeploymentPostprocessing = 0;
		};
/* End PBXResourcesBuildPhase section */

/* Begin PBXSourcesBuildPhase section */
		93E497F82DA5CB56002F63CA /* Sources */ = {
			isa = PBXSourcesBuildPhase;
			buildActionMask = 2147483647;
			files = (
				9378405A2DA7E20D001583D0 /* PlansScreen.swift in Sources */,
				93E330002DAE74B800F61881 /* InfoScreen.swift in Sources */,
				937840562DA688BD001583D0 /* Fields.swift in Sources */,
				93E498352DA5DBF2002F63CA /* SettingsScreen.swift in Sources */,
				9378407C2DAE5F58001583D0 /* TaskRow.swift in Sources */,
				93E498302DA5D1CB002F63CA /* HomeScreen.swift in Sources */,
				93E498372DA5DC33002F63CA /* Title.swift in Sources */,
				9378405C2DA7E2B1001583D0 /* PlanTypeView.swift in Sources */,
				9378404E2DA678D3001583D0 /* DateFormatters.swift in Sources */,
				937840582DA69573001583D0 /* Storage.swift in Sources */,
				93E4983B2DA66394002F63CA /* TaskAddingScreen.swift in Sources */,
				9378407A2DAE5AE1001583D0 /* MethodsScreen.swift in Sources */,
				93E498332DA5D275002F63CA /* MainActionButton.swift in Sources */,
				93E498142DA5CE3B002F63CA /* PlanFlowApp.swift in Sources */,
				937840522DA68886001583D0 /* Model.swift in Sources */,
				93E4982C2DA5D1B8002F63CA /* MainFlowManager.swift in Sources */,
				93E4981F2DA5CF64002F63CA /* CustomFonts.swift in Sources */,
			);
			runOnlyForDeploymentPostprocessing = 0;
		};
/* End PBXSourcesBuildPhase section */

/* Begin XCBuildConfiguration section */
		93E4980A2DA5CB58002F63CA /* Debug */ = {
			isa = XCBuildConfiguration;
			buildSettings = {
				ALWAYS_SEARCH_USER_PATHS = NO;
				ASSETCATALOG_COMPILER_GENERATE_SWIFT_ASSET_SYMBOL_EXTENSIONS = YES;
				CLANG_ANALYZER_NONNULL = YES;
				CLANG_ANALYZER_NUMBER_OBJECT_CONVERSION = YES_AGGRESSIVE;
				CLANG_CXX_LANGUAGE_STANDARD = "gnu++20";
				CLANG_ENABLE_MODULES = YES;
				CLANG_ENABLE_OBJC_ARC = YES;
				CLANG_ENABLE_OBJC_WEAK = YES;
				CLANG_WARN_BLOCK_CAPTURE_AUTORELEASING = YES;
				CLANG_WARN_BOOL_CONVERSION = YES;
				CLANG_WARN_COMMA = YES;
				CLANG_WARN_CONSTANT_CONVERSION = YES;
				CLANG_WARN_DEPRECATED_OBJC_IMPLEMENTATIONS = YES;
				CLANG_WARN_DIRECT_OBJC_ISA_USAGE = YES_ERROR;
				CLANG_WARN_DOCUMENTATION_COMMENTS = YES;
				CLANG_WARN_EMPTY_BODY = YES;
				CLANG_WARN_ENUM_CONVERSION = YES;
				CLANG_WARN_INFINITE_RECURSION = YES;
				CLANG_WARN_INT_CONVERSION = YES;
				CLANG_WARN_NON_LITERAL_NULL_CONVERSION = YES;
				CLANG_WARN_OBJC_IMPLICIT_RETAIN_SELF = YES;
				CLANG_WARN_OBJC_LITERAL_CONVERSION = YES;
				CLANG_WARN_OBJC_ROOT_CLASS = YES_ERROR;
				CLANG_WARN_QUOTED_INCLUDE_IN_FRAMEWORK_HEADER = YES;
				CLANG_WARN_RANGE_LOOP_ANALYSIS = YES;
				CLANG_WARN_STRICT_PROTOTYPES = YES;
				CLANG_WARN_SUSPICIOUS_MOVE = YES;
				CLANG_WARN_UNGUARDED_AVAILABILITY = YES_AGGRESSIVE;
				CLANG_WARN_UNREACHABLE_CODE = YES;
				CLANG_WARN__DUPLICATE_METHOD_MATCH = YES;
				COPY_PHASE_STRIP = NO;
				DEBUG_INFORMATION_FORMAT = dwarf;
				ENABLE_STRICT_OBJC_MSGSEND = YES;
				ENABLE_TESTABILITY = YES;
				ENABLE_USER_SCRIPT_SANDBOXING = YES;
				GCC_C_LANGUAGE_STANDARD = gnu17;
				GCC_DYNAMIC_NO_PIC = NO;
				GCC_NO_COMMON_BLOCKS = YES;
				GCC_OPTIMIZATION_LEVEL = 0;
				GCC_PREPROCESSOR_DEFINITIONS = (
					"DEBUG=1",
					"$(inherited)",
				);
				GCC_WARN_64_TO_32_BIT_CONVERSION = YES;
				GCC_WARN_ABOUT_RETURN_TYPE = YES_ERROR;
				GCC_WARN_UNDECLARED_SELECTOR = YES;
				GCC_WARN_UNINITIALIZED_AUTOS = YES_AGGRESSIVE;
				GCC_WARN_UNUSED_FUNCTION = YES;
				GCC_WARN_UNUSED_VARIABLE = YES;
				IPHONEOS_DEPLOYMENT_TARGET = 18.0;
				LOCALIZATION_PREFERS_STRING_CATALOGS = YES;
				MTL_ENABLE_DEBUG_INFO = INCLUDE_SOURCE;
				MTL_FAST_MATH = YES;
				ONLY_ACTIVE_ARCH = YES;
				SDKROOT = iphoneos;
				SWIFT_ACTIVE_COMPILATION_CONDITIONS = "DEBUG $(inherited)";
				SWIFT_OPTIMIZATION_LEVEL = "-Onone";
			};
			name = Debug;
		};
		93E4980B2DA5CB58002F63CA /* Release */ = {
			isa = XCBuildConfiguration;
			buildSettings = {
				ALWAYS_SEARCH_USER_PATHS = NO;
				ASSETCATALOG_COMPILER_GENERATE_SWIFT_ASSET_SYMBOL_EXTENSIONS = YES;
				CLANG_ANALYZER_NONNULL = YES;
				CLANG_ANALYZER_NUMBER_OBJECT_CONVERSION = YES_AGGRESSIVE;
				CLANG_CXX_LANGUAGE_STANDARD = "gnu++20";
				CLANG_ENABLE_MODULES = YES;
				CLANG_ENABLE_OBJC_ARC = YES;
				CLANG_ENABLE_OBJC_WEAK = YES;
				CLANG_WARN_BLOCK_CAPTURE_AUTORELEASING = YES;
				CLANG_WARN_BOOL_CONVERSION = YES;
				CLANG_WARN_COMMA = YES;
				CLANG_WARN_CONSTANT_CONVERSION = YES;
				CLANG_WARN_DEPRECATED_OBJC_IMPLEMENTATIONS = YES;
				CLANG_WARN_DIRECT_OBJC_ISA_USAGE = YES_ERROR;
				CLANG_WARN_DOCUMENTATION_COMMENTS = YES;
				CLANG_WARN_EMPTY_BODY = YES;
				CLANG_WARN_ENUM_CONVERSION = YES;
				CLANG_WARN_INFINITE_RECURSION = YES;
				CLANG_WARN_INT_CONVERSION = YES;
				CLANG_WARN_NON_LITERAL_NULL_CONVERSION = YES;
				CLANG_WARN_OBJC_IMPLICIT_RETAIN_SELF = YES;
				CLANG_WARN_OBJC_LITERAL_CONVERSION = YES;
				CLANG_WARN_OBJC_ROOT_CLASS = YES_ERROR;
				CLANG_WARN_QUOTED_INCLUDE_IN_FRAMEWORK_HEADER = YES;
				CLANG_WARN_RANGE_LOOP_ANALYSIS = YES;
				CLANG_WARN_STRICT_PROTOTYPES = YES;
				CLANG_WARN_SUSPICIOUS_MOVE = YES;
				CLANG_WARN_UNGUARDED_AVAILABILITY = YES_AGGRESSIVE;
				CLANG_WARN_UNREACHABLE_CODE = YES;
				CLANG_WARN__DUPLICATE_METHOD_MATCH = YES;
				COPY_PHASE_STRIP = NO;
				DEBUG_INFORMATION_FORMAT = "dwarf-with-dsym";
				ENABLE_NS_ASSERTIONS = NO;
				ENABLE_STRICT_OBJC_MSGSEND = YES;
				ENABLE_USER_SCRIPT_SANDBOXING = YES;
				GCC_C_LANGUAGE_STANDARD = gnu17;
				GCC_NO_COMMON_BLOCKS = YES;
				GCC_WARN_64_TO_32_BIT_CONVERSION = YES;
				GCC_WARN_ABOUT_RETURN_TYPE = YES_ERROR;
				GCC_WARN_UNDECLARED_SELECTOR = YES;
				GCC_WARN_UNINITIALIZED_AUTOS = YES_AGGRESSIVE;
				GCC_WARN_UNUSED_FUNCTION = YES;
				GCC_WARN_UNUSED_VARIABLE = YES;
				IPHONEOS_DEPLOYMENT_TARGET = 18.0;
				LOCALIZATION_PREFERS_STRING_CATALOGS = YES;
				MTL_ENABLE_DEBUG_INFO = NO;
				MTL_FAST_MATH = YES;
				SDKROOT = iphoneos;
				SWIFT_COMPILATION_MODE = wholemodule;
				VALIDATE_PRODUCT = YES;
			};
			name = Release;
		};
		93E4980D2DA5CB58002F63CA /* Debug */ = {
			isa = XCBuildConfiguration;
			buildSettings = {
				ASSETCATALOG_COMPILER_APPICON_NAME = AppIcon;
				ASSETCATALOG_COMPILER_GLOBAL_ACCENT_COLOR_NAME = AccentColor;
				CODE_SIGN_STYLE = Automatic;
				CURRENT_PROJECT_VERSION = 1;
				DEVELOPMENT_ASSET_PATHS = "\"PlanFlow/Res/PreviewContent\"";
				DEVELOPMENT_TEAM = FBM24VVDN6;
				ENABLE_PREVIEWS = YES;
				GENERATE_INFOPLIST_FILE = YES;
				INFOPLIST_FILE = PlanFlow/Config/Info.plist;
				INFOPLIST_KEY_UIApplicationSceneManifest_Generation = YES;
				INFOPLIST_KEY_UIApplicationSupportsIndirectInputEvents = YES;
				INFOPLIST_KEY_UILaunchScreen_Generation = YES;
				INFOPLIST_KEY_UISupportedInterfaceOrientations = UIInterfaceOrientationPortrait;
				INFOPLIST_KEY_UISupportedInterfaceOrientations_iPad = "UIInterfaceOrientationLandscapeLeft UIInterfaceOrientationLandscapeRight UIInterfaceOrientationPortrait UIInterfaceOrientationPortraitUpsideDown";
				LD_RUNPATH_SEARCH_PATHS = (
					"$(inherited)",
					"@executable_path/Frameworks",
				);
				MARKETING_VERSION = 1.0;
				PRODUCT_BUNDLE_IDENTIFIER = com.testproject.PlanFlow;
				PRODUCT_NAME = "$(TARGET_NAME)";
				SUPPORTED_PLATFORMS = "iphoneos iphonesimulator";
				SUPPORTS_MACCATALYST = NO;
				SUPPORTS_MAC_DESIGNED_FOR_IPHONE_IPAD = NO;
				SUPPORTS_XR_DESIGNED_FOR_IPHONE_IPAD = NO;
				SWIFT_EMIT_LOC_STRINGS = YES;
				SWIFT_VERSION = 5.0;
				TARGETED_DEVICE_FAMILY = 1;
			};
			name = Debug;
		};
		93E4980E2DA5CB58002F63CA /* Release */ = {
			isa = XCBuildConfiguration;
			buildSettings = {
				ASSETCATALOG_COMPILER_APPICON_NAME = AppIcon;
				ASSETCATALOG_COMPILER_GLOBAL_ACCENT_COLOR_NAME = AccentColor;
				CODE_SIGN_STYLE = Automatic;
				CURRENT_PROJECT_VERSION = 1;
				DEVELOPMENT_ASSET_PATHS = "\"PlanFlow/Res/PreviewContent\"";
				DEVELOPMENT_TEAM = FBM24VVDN6;
				ENABLE_PREVIEWS = YES;
				GENERATE_INFOPLIST_FILE = YES;
				INFOPLIST_FILE = PlanFlow/Config/Info.plist;
				INFOPLIST_KEY_UIApplicationSceneManifest_Generation = YES;
				INFOPLIST_KEY_UIApplicationSupportsIndirectInputEvents = YES;
				INFOPLIST_KEY_UILaunchScreen_Generation = YES;
				INFOPLIST_KEY_UISupportedInterfaceOrientations = UIInterfaceOrientationPortrait;
				INFOPLIST_KEY_UISupportedInterfaceOrientations_iPad = "UIInterfaceOrientationLandscapeLeft UIInterfaceOrientationLandscapeRight UIInterfaceOrientationPortrait UIInterfaceOrientationPortraitUpsideDown";
				LD_RUNPATH_SEARCH_PATHS = (
					"$(inherited)",
					"@executable_path/Frameworks",
				);
				MARKETING_VERSION = 1.0;
				PRODUCT_BUNDLE_IDENTIFIER = com.testproject.PlanFlow;
				PRODUCT_NAME = "$(TARGET_NAME)";
				SUPPORTED_PLATFORMS = "iphoneos iphonesimulator";
				SUPPORTS_MACCATALYST = NO;
				SUPPORTS_MAC_DESIGNED_FOR_IPHONE_IPAD = NO;
				SUPPORTS_XR_DESIGNED_FOR_IPHONE_IPAD = NO;
				SWIFT_EMIT_LOC_STRINGS = YES;
				SWIFT_VERSION = 5.0;
				TARGETED_DEVICE_FAMILY = 1;
			};
			name = Release;
		};
/* End XCBuildConfiguration section */

/* Begin XCConfigurationList section */
		93E497F72DA5CB56002F63CA /* Build configuration list for PBXProject "PlanFlow" */ = {
			isa = XCConfigurationList;
			buildConfigurations = (
				93E4980A2DA5CB58002F63CA /* Debug */,
				93E4980B2DA5CB58002F63CA /* Release */,
			);
			defaultConfigurationIsVisible = 0;
			defaultConfigurationName = Release;
		};
		93E4980C2DA5CB58002F63CA /* Build configuration list for PBXNativeTarget "PlanFlow" */ = {
			isa = XCConfigurationList;
			buildConfigurations = (
				93E4980D2DA5CB58002F63CA /* Debug */,
				93E4980E2DA5CB58002F63CA /* Release */,
			);
			defaultConfigurationIsVisible = 0;
			defaultConfigurationName = Release;
		};
/* End XCConfigurationList section */
	};
	rootObject = 93E497F42DA5CB56002F63CA /* Project object */;
}
